
Microsoft Visual Studio Solution File, Format Version 12.00
# Visual Studio Version 16
VisualStudioVersion = 16.0.29926.136
MinimumVisualStudioVersion = 10.0.40219.1
Project("{FAE04EC0-301F-11D3-BF4B-00C04F79EFBC}") = "BAL", "BAL\BAL.csproj", "{38AE211E-8389-4AF1-B2DD-20086224317A}"
EndProject
Project("{FAE04EC0-301F-11D3-BF4B-00C04F79EFBC}") = "DAL", "DAL\DAL.csproj", "{515A5512-4227-4AFB-BFAA-C164A8AE2ACC}"
EndProject
Project("{FAE04EC0-301F-11D3-BF4B-00C04F79EFBC}") = "UI", "UI\UI.csproj", "{BC790552-0BF0-4FE6-8E8A-405547327CCB}"
EndProject
Global
	GlobalSection(SolutionConfigurationPlatforms) = preSolution
		Debug|Any CPU = Debug|Any CPU
		Release|Any CPU = Release|Any CPU
	EndGlobalSection
	GlobalSection(ProjectConfigurationPlatforms) = postSolution
		{38AE211E-8389-4AF1-B2DD-20086224317A}.Debug|Any CPU.ActiveCfg = Debug|Any CPU
		{38AE211E-8389-4AF1-B2DD-20086224317A}.Debug|Any CPU.Build.0 = Debug|Any CPU
		{38AE211E-8389-4AF1-B2DD-20086224317A}.Release|Any CPU.ActiveCfg = Release|Any CPU
		{38AE211E-8389-4AF1-B2DD-20086224317A}.Release|Any CPU.Build.0 = Release|Any CPU
		{515A5512-4227-4AFB-BFAA-C164A8AE2ACC}.Debug|Any CPU.ActiveCfg = Debug|Any CPU
		{515A5512-4227-4AFB-BFAA-C164A8AE2ACC}.Debug|Any CPU.Build.0 = Debug|Any CPU
		{515A5512-4227-4AFB-BFAA-C164A8AE2ACC}.Release|Any CPU.ActiveCfg = Release|Any CPU
		{515A5512-4227-4AFB-BFAA-C164A8AE2ACC}.Release|Any CPU.Build.0 = Release|Any CPU
		{BC790552-0BF0-4FE6-8E8A-405547327CCB}.Debug|Any CPU.ActiveCfg = Debug|Any CPU
		{BC790552-0BF0-4FE6-8E8A-405547327CCB}.Debug|Any CPU.Build.0 = Debug|Any CPU
		{BC790552-0BF0-4FE6-8E8A-405547327CCB}.Release|Any CPU.ActiveCfg = Release|Any CPU
		{BC790552-0BF0-4FE6-8E8A-405547327CCB}.Release|Any CPU.Build.0 = Release|Any CPU
	EndGlobalSection
	GlobalSection(SolutionProperties) = preSolution
		HideSolutionNode = FALSE
	EndGlobalSection
	GlobalSection(ExtensibilityGlobals) = postSolution
		SolutionGuid = {53A78C21-96C4-4C7A-A123-BA862D2BD9C0}
	EndGlobalSection
EndGlobal
